
Microsoft Visual Studio Solution File, Format Version 12.00
# Visual Studio 15
VisualStudioVersion = 15.0.26730.12
MinimumVisualStudioVersion = 10.0.40219.1
Project("{FAE04EC0-301F-11D3-BF4B-00C04F79EFBC}") = "RailWire", "RailWire\RailWire.csproj", "{20D25299-DA2A-4465-B1BB-28E9E62DEAA2}"
EndProject
Project("{FAE04EC0-301F-11D3-BF4B-00C04F79EFBC}") = "RailWire.Tests", "RailWire.Tests\RailWire.Tests.csproj", "{29B4DD6E-0C80-40C1-9423-4412F958CD3E}"
EndProject
Project("{2150E333-8FDC-42A3-9474-1A3956D46DE8}") = "0_Test", "0_Test", "{06E34C38-D49C-46FD-97BC-6FBC9125CD37}"
EndProject
Project("{2150E333-8FDC-42A3-9474-1A3956D46DE8}") = "1_Presentation", "1_Presentation", "{0B384CCF-269B-4AA2-A43F-E28D25EF5A79}"
EndProject
Project("{2150E333-8FDC-42A3-9474-1A3956D46DE8}") = "2_Application", "2_Application", "{E2FBB54F-644E-4FE3-9E7D-A3C54B186841}"
EndProject
Project("{2150E333-8FDC-42A3-9474-1A3956D46DE8}") = "3_Domain", "3_Domain", "{0B7EC03B-7C12-47FB-BFB4-24092F33B4B3}"
EndProject
Project("{2150E333-8FDC-42A3-9474-1A3956D46DE8}") = "4_DataAccess", "4_DataAccess", "{D0D2B94C-7016-41DC-A0D2-2FB3FE178FE8}"
EndProject
Project("{2150E333-8FDC-42A3-9474-1A3956D46DE8}") = "5_Infrastructure", "5_Infrastructure", "{AB336FC9-79F0-4ED2-966E-8289B7AD4139}"
EndProject
Project("{FAE04EC0-301F-11D3-BF4B-00C04F79EFBC}") = "DTO", "DTO\DTO.csproj", "{3393A6ED-1F4C-44A1-8250-FC77ED67907A}"
EndProject
Project("{FAE04EC0-301F-11D3-BF4B-00C04F79EFBC}") = "Binding", "BindingClass\Binding.csproj", "{0C9C896F-B36A-4B46-8F57-2D6E0C851059}"
EndProject
Project("{FAE04EC0-301F-11D3-BF4B-00C04F79EFBC}") = "SqlData", "SqlData\SqlData.csproj", "{CE8EADC5-BC44-4148-8BC2-A7A19F37BB76}"
EndProject
Project("{FAE04EC0-301F-11D3-BF4B-00C04F79EFBC}") = "DataAccess.Abstract", "DataAccess.Abstract\DataAccess.Abstract.csproj", "{64BD67F4-BD3C-4480-946A-0865BED9D39A}"
EndProject
Project("{FAE04EC0-301F-11D3-BF4B-00C04F79EFBC}") = "SqlDataOperations", "SqlDataOperations\SqlDataOperations.csproj", "{CDF58CA8-AEA2-4311-9210-AC277889849B}"
EndProject
Project("{FAE04EC0-301F-11D3-BF4B-00C04F79EFBC}") = "MongoData", "MongoData\MongoData.csproj", "{1336F030-6C0B-415F-A7DA-FBB8B2F586F8}"
EndProject
Project("{FAE04EC0-301F-11D3-BF4B-00C04F79EFBC}") = "MongoDataOperations", "MongoDataOperations\MongoDataOperations.csproj", "{3F4444FF-F4F9-42DD-8D1B-978DC09CFB8C}"
EndProject
Project("{FAE04EC0-301F-11D3-BF4B-00C04F79EFBC}") = "Domain.Abstracts", "Domain.Abstracts\Domain.Abstracts.csproj", "{E6289A66-973A-41C2-B11D-05349FD6BED0}"
EndProject
Project("{FAE04EC0-301F-11D3-BF4B-00C04F79EFBC}") = "Domain.SqlOperations", "Domain.SqlOperations\Domain.SqlOperations.csproj", "{BD8C3C33-5629-4892-AF8A-557E6CD78C8C}"
EndProject
Project("{FAE04EC0-301F-11D3-BF4B-00C04F79EFBC}") = "Domain.MongoOperations", "Domain.MongoOperations\Domain.MongoOperations.csproj", "{261E250F-26CF-457D-9178-E53820EF7AB3}"
EndProject
Project("{FAE04EC0-301F-11D3-BF4B-00C04F79EFBC}") = "Domain.TransferOperations", "Domain.TransferOperations\Domain.TransferOperations.csproj", "{6E2A2FFB-2D9C-4AB6-AC4F-33429058E321}"
EndProject
Project("{FAE04EC0-301F-11D3-BF4B-00C04F79EFBC}") = "Application.Abstracts", "Application.Abstracts\Application.Abstracts.csproj", "{75BBA15A-2AF6-46BA-85E3-D7A0F478FE4A}"
EndProject
Project("{FAE04EC0-301F-11D3-BF4B-00C04F79EFBC}") = "Application.SqlOperations", "Application.SqlOperations\Application.SqlOperations.csproj", "{AD406D31-5E12-4687-A95A-D8CD5B35AAEE}"
EndProject
Project("{FAE04EC0-301F-11D3-BF4B-00C04F79EFBC}") = "Application.MongoOperations", "Application.MongoOperations\Application.MongoOperations.csproj", "{EEDEE825-11FA-472E-8FB6-F514E50A9EAD}"
EndProject
Project("{FAE04EC0-301F-11D3-BF4B-00C04F79EFBC}") = "Application.TransferOperations", "Application.TransferOperations\Application.TransferOperations.csproj", "{77A9C02A-4461-4E77-9B2B-2CADBE263977}"
EndProject
Project("{FAE04EC0-301F-11D3-BF4B-00C04F79EFBC}") = "ElasticSearchOperations", "ElasticSearchOperations\ElasticSearchOperations.csproj", "{6276825C-A726-4DC9-9C6B-E6A4BB7FCD21}"
EndProject
Global
	GlobalSection(SolutionConfigurationPlatforms) = preSolution
		Debug|Any CPU = Debug|Any CPU
		Release|Any CPU = Release|Any CPU
	EndGlobalSection
	GlobalSection(ProjectConfigurationPlatforms) = postSolution
		{20D25299-DA2A-4465-B1BB-28E9E62DEAA2}.Debug|Any CPU.ActiveCfg = Debug|Any CPU
		{20D25299-DA2A-4465-B1BB-28E9E62DEAA2}.Debug|Any CPU.Build.0 = Debug|Any CPU
		{20D25299-DA2A-4465-B1BB-28E9E62DEAA2}.Release|Any CPU.ActiveCfg = Release|Any CPU
		{20D25299-DA2A-4465-B1BB-28E9E62DEAA2}.Release|Any CPU.Build.0 = Release|Any CPU
		{29B4DD6E-0C80-40C1-9423-4412F958CD3E}.Debug|Any CPU.ActiveCfg = Debug|Any CPU
		{29B4DD6E-0C80-40C1-9423-4412F958CD3E}.Debug|Any CPU.Build.0 = Debug|Any CPU
		{29B4DD6E-0C80-40C1-9423-4412F958CD3E}.Release|Any CPU.ActiveCfg = Release|Any CPU
		{29B4DD6E-0C80-40C1-9423-4412F958CD3E}.Release|Any CPU.Build.0 = Release|Any CPU
		{3393A6ED-1F4C-44A1-8250-FC77ED67907A}.Debug|Any CPU.ActiveCfg = Debug|Any CPU
		{3393A6ED-1F4C-44A1-8250-FC77ED67907A}.Debug|Any CPU.Build.0 = Debug|Any CPU
		{3393A6ED-1F4C-44A1-8250-FC77ED67907A}.Release|Any CPU.ActiveCfg = Release|Any CPU
		{3393A6ED-1F4C-44A1-8250-FC77ED67907A}.Release|Any CPU.Build.0 = Release|Any CPU
		{0C9C896F-B36A-4B46-8F57-2D6E0C851059}.Debug|Any CPU.ActiveCfg = Debug|Any CPU
		{0C9C896F-B36A-4B46-8F57-2D6E0C851059}.Debug|Any CPU.Build.0 = Debug|Any CPU
		{0C9C896F-B36A-4B46-8F57-2D6E0C851059}.Release|Any CPU.ActiveCfg = Release|Any CPU
		{0C9C896F-B36A-4B46-8F57-2D6E0C851059}.Release|Any CPU.Build.0 = Release|Any CPU
		{CE8EADC5-BC44-4148-8BC2-A7A19F37BB76}.Debug|Any CPU.ActiveCfg = Debug|Any CPU
		{CE8EADC5-BC44-4148-8BC2-A7A19F37BB76}.Debug|Any CPU.Build.0 = Debug|Any CPU
		{CE8EADC5-BC44-4148-8BC2-A7A19F37BB76}.Release|Any CPU.ActiveCfg = Release|Any CPU
		{CE8EADC5-BC44-4148-8BC2-A7A19F37BB76}.Release|Any CPU.Build.0 = Release|Any CPU
		{64BD67F4-BD3C-4480-946A-0865BED9D39A}.Debug|Any CPU.ActiveCfg = Debug|Any CPU
		{64BD67F4-BD3C-4480-946A-0865BED9D39A}.Debug|Any CPU.Build.0 = Debug|Any CPU
		{64BD67F4-BD3C-4480-946A-0865BED9D39A}.Release|Any CPU.ActiveCfg = Release|Any CPU
		{64BD67F4-BD3C-4480-946A-0865BED9D39A}.Release|Any CPU.Build.0 = Release|Any CPU
		{CDF58CA8-AEA2-4311-9210-AC277889849B}.Debug|Any CPU.ActiveCfg = Debug|Any CPU
		{CDF58CA8-AEA2-4311-9210-AC277889849B}.Debug|Any CPU.Build.0 = Debug|Any CPU
		{CDF58CA8-AEA2-4311-9210-AC277889849B}.Release|Any CPU.ActiveCfg = Release|Any CPU
		{CDF58CA8-AEA2-4311-9210-AC277889849B}.Release|Any CPU.Build.0 = Release|Any CPU
		{1336F030-6C0B-415F-A7DA-FBB8B2F586F8}.Debug|Any CPU.ActiveCfg = Debug|Any CPU
		{1336F030-6C0B-415F-A7DA-FBB8B2F586F8}.Debug|Any CPU.Build.0 = Debug|Any CPU
		{1336F030-6C0B-415F-A7DA-FBB8B2F586F8}.Release|Any CPU.ActiveCfg = Release|Any CPU
		{1336F030-6C0B-415F-A7DA-FBB8B2F586F8}.Release|Any CPU.Build.0 = Release|Any CPU
		{3F4444FF-F4F9-42DD-8D1B-978DC09CFB8C}.Debug|Any CPU.ActiveCfg = Debug|Any CPU
		{3F4444FF-F4F9-42DD-8D1B-978DC09CFB8C}.Debug|Any CPU.Build.0 = Debug|Any CPU
		{3F4444FF-F4F9-42DD-8D1B-978DC09CFB8C}.Release|Any CPU.ActiveCfg = Release|Any CPU
		{3F4444FF-F4F9-42DD-8D1B-978DC09CFB8C}.Release|Any CPU.Build.0 = Release|Any CPU
		{E6289A66-973A-41C2-B11D-05349FD6BED0}.Debug|Any CPU.ActiveCfg = Debug|Any CPU
		{E6289A66-973A-41C2-B11D-05349FD6BED0}.Debug|Any CPU.Build.0 = Debug|Any CPU
		{E6289A66-973A-41C2-B11D-05349FD6BED0}.Release|Any CPU.ActiveCfg = Release|Any CPU
		{E6289A66-973A-41C2-B11D-05349FD6BED0}.Release|Any CPU.Build.0 = Release|Any CPU
		{BD8C3C33-5629-4892-AF8A-557E6CD78C8C}.Debug|Any CPU.ActiveCfg = Debug|Any CPU
		{BD8C3C33-5629-4892-AF8A-557E6CD78C8C}.Debug|Any CPU.Build.0 = Debug|Any CPU
		{BD8C3C33-5629-4892-AF8A-557E6CD78C8C}.Release|Any CPU.ActiveCfg = Release|Any CPU
		{BD8C3C33-5629-4892-AF8A-557E6CD78C8C}.Release|Any CPU.Build.0 = Release|Any CPU
		{261E250F-26CF-457D-9178-E53820EF7AB3}.Debug|Any CPU.ActiveCfg = Debug|Any CPU
		{261E250F-26CF-457D-9178-E53820EF7AB3}.Debug|Any CPU.Build.0 = Debug|Any CPU
		{261E250F-26CF-457D-9178-E53820EF7AB3}.Release|Any CPU.ActiveCfg = Release|Any CPU
		{261E250F-26CF-457D-9178-E53820EF7AB3}.Release|Any CPU.Build.0 = Release|Any CPU
		{6E2A2FFB-2D9C-4AB6-AC4F-33429058E321}.Debug|Any CPU.ActiveCfg = Debug|Any CPU
		{6E2A2FFB-2D9C-4AB6-AC4F-33429058E321}.Debug|Any CPU.Build.0 = Debug|Any CPU
		{6E2A2FFB-2D9C-4AB6-AC4F-33429058E321}.Release|Any CPU.ActiveCfg = Release|Any CPU
		{6E2A2FFB-2D9C-4AB6-AC4F-33429058E321}.Release|Any CPU.Build.0 = Release|Any CPU
		{75BBA15A-2AF6-46BA-85E3-D7A0F478FE4A}.Debug|Any CPU.ActiveCfg = Debug|Any CPU
		{75BBA15A-2AF6-46BA-85E3-D7A0F478FE4A}.Debug|Any CPU.Build.0 = Debug|Any CPU
		{75BBA15A-2AF6-46BA-85E3-D7A0F478FE4A}.Release|Any CPU.ActiveCfg = Release|Any CPU
		{75BBA15A-2AF6-46BA-85E3-D7A0F478FE4A}.Release|Any CPU.Build.0 = Release|Any CPU
		{AD406D31-5E12-4687-A95A-D8CD5B35AAEE}.Debug|Any CPU.ActiveCfg = Debug|Any CPU
		{AD406D31-5E12-4687-A95A-D8CD5B35AAEE}.Debug|Any CPU.Build.0 = Debug|Any CPU
		{AD406D31-5E12-4687-A95A-D8CD5B35AAEE}.Release|Any CPU.ActiveCfg = Release|Any CPU
		{AD406D31-5E12-4687-A95A-D8CD5B35AAEE}.Release|Any CPU.Build.0 = Release|Any CPU
		{EEDEE825-11FA-472E-8FB6-F514E50A9EAD}.Debug|Any CPU.ActiveCfg = Debug|Any CPU
		{EEDEE825-11FA-472E-8FB6-F514E50A9EAD}.Debug|Any CPU.Build.0 = Debug|Any CPU
		{EEDEE825-11FA-472E-8FB6-F514E50A9EAD}.Release|Any CPU.ActiveCfg = Release|Any CPU
		{EEDEE825-11FA-472E-8FB6-F514E50A9EAD}.Release|Any CPU.Build.0 = Release|Any CPU
		{77A9C02A-4461-4E77-9B2B-2CADBE263977}.Debug|Any CPU.ActiveCfg = Debug|Any CPU
		{77A9C02A-4461-4E77-9B2B-2CADBE263977}.Debug|Any CPU.Build.0 = Debug|Any CPU
		{77A9C02A-4461-4E77-9B2B-2CADBE263977}.Release|Any CPU.ActiveCfg = Release|Any CPU
		{77A9C02A-4461-4E77-9B2B-2CADBE263977}.Release|Any CPU.Build.0 = Release|Any CPU
		{6276825C-A726-4DC9-9C6B-E6A4BB7FCD21}.Debug|Any CPU.ActiveCfg = Debug|Any CPU
		{6276825C-A726-4DC9-9C6B-E6A4BB7FCD21}.Debug|Any CPU.Build.0 = Debug|Any CPU
		{6276825C-A726-4DC9-9C6B-E6A4BB7FCD21}.Release|Any CPU.ActiveCfg = Release|Any CPU
		{6276825C-A726-4DC9-9C6B-E6A4BB7FCD21}.Release|Any CPU.Build.0 = Release|Any CPU
	EndGlobalSection
	GlobalSection(SolutionProperties) = preSolution
		HideSolutionNode = FALSE
	EndGlobalSection
	GlobalSection(NestedProjects) = preSolution
		{20D25299-DA2A-4465-B1BB-28E9E62DEAA2} = {0B384CCF-269B-4AA2-A43F-E28D25EF5A79}
		{29B4DD6E-0C80-40C1-9423-4412F958CD3E} = {06E34C38-D49C-46FD-97BC-6FBC9125CD37}
		{3393A6ED-1F4C-44A1-8250-FC77ED67907A} = {AB336FC9-79F0-4ED2-966E-8289B7AD4139}
		{0C9C896F-B36A-4B46-8F57-2D6E0C851059} = {AB336FC9-79F0-4ED2-966E-8289B7AD4139}
		{CE8EADC5-BC44-4148-8BC2-A7A19F37BB76} = {D0D2B94C-7016-41DC-A0D2-2FB3FE178FE8}
		{64BD67F4-BD3C-4480-946A-0865BED9D39A} = {D0D2B94C-7016-41DC-A0D2-2FB3FE178FE8}
		{CDF58CA8-AEA2-4311-9210-AC277889849B} = {D0D2B94C-7016-41DC-A0D2-2FB3FE178FE8}
		{1336F030-6C0B-415F-A7DA-FBB8B2F586F8} = {D0D2B94C-7016-41DC-A0D2-2FB3FE178FE8}
		{3F4444FF-F4F9-42DD-8D1B-978DC09CFB8C} = {D0D2B94C-7016-41DC-A0D2-2FB3FE178FE8}
		{E6289A66-973A-41C2-B11D-05349FD6BED0} = {0B7EC03B-7C12-47FB-BFB4-24092F33B4B3}
		{BD8C3C33-5629-4892-AF8A-557E6CD78C8C} = {0B7EC03B-7C12-47FB-BFB4-24092F33B4B3}
		{261E250F-26CF-457D-9178-E53820EF7AB3} = {0B7EC03B-7C12-47FB-BFB4-24092F33B4B3}
		{6E2A2FFB-2D9C-4AB6-AC4F-33429058E321} = {0B7EC03B-7C12-47FB-BFB4-24092F33B4B3}
		{75BBA15A-2AF6-46BA-85E3-D7A0F478FE4A} = {E2FBB54F-644E-4FE3-9E7D-A3C54B186841}
		{AD406D31-5E12-4687-A95A-D8CD5B35AAEE} = {E2FBB54F-644E-4FE3-9E7D-A3C54B186841}
		{EEDEE825-11FA-472E-8FB6-F514E50A9EAD} = {E2FBB54F-644E-4FE3-9E7D-A3C54B186841}
		{77A9C02A-4461-4E77-9B2B-2CADBE263977} = {E2FBB54F-644E-4FE3-9E7D-A3C54B186841}
		{6276825C-A726-4DC9-9C6B-E6A4BB7FCD21} = {D0D2B94C-7016-41DC-A0D2-2FB3FE178FE8}
	EndGlobalSection
	GlobalSection(ExtensibilityGlobals) = postSolution
		SolutionGuid = {574E08A2-6282-404E-A94A-FF7E5EDAA4C5}
	EndGlobalSection
EndGlobal
